
Microsoft Visual Studio Solution File, Format Version 12.00
# Visual Studio Version 17
VisualStudioVersion = 17.9.34723.18
MinimumVisualStudioVersion = 10.0.40219.1
Project("{FAE04EC0-301F-11D3-BF4B-00C04F79EFBC}") = "ExceptionDemo060624", "ExceptionDemo060624.csproj", "{5B17B527-659D-4893-BA48-97EE81398152}"
EndProject
Global
	GlobalSection(SolutionConfigurationPlatforms) = preSolution
		Debug|Any CPU = Debug|Any CPU
		Release|Any CPU = Release|Any CPU
	EndGlobalSection
	GlobalSection(ProjectConfigurationPlatforms) = postSolution
		{5B17B527-659D-4893-BA48-97EE81398152}.Debug|Any CPU.ActiveCfg = Debug|Any CPU
		{5B17B527-659D-4893-BA48-97EE81398152}.Debug|Any CPU.Build.0 = Debug|Any CPU
		{5B17B527-659D-4893-BA48-97EE81398152}.Release|Any CPU.ActiveCfg = Release|Any CPU
		{5B17B527-659D-4893-BA48-97EE81398152}.Release|Any CPU.Build.0 = Release|Any CPU
	EndGlobalSection
	GlobalSection(SolutionProperties) = preSolution
		HideSolutionNode = FALSE
	EndGlobalSection
	GlobalSection(ExtensibilityGlobals) = postSolution
		SolutionGuid = {79361D5D-FC57-427B-A75D-2C4D5F50DA01}
	EndGlobalSection
EndGlobal
